langcode: en
status: true
dependencies:
  module:
    - paragraphs_ee
third_party_settings:
  paragraphs_ee:
    paragraphs_categories:
      uswds: uswds
id: media_block
label: 'Media block'
icon_uuid: null
icon_default: null
description: 'A media block consists of an image, title and text, usually for display in a graphic list. <em>See <a href="https://designsystem.digital.gov/templates/landing-page/">U.S. Web Design System (USWDS)</a> for more information.</em>'
behavior_plugins: {  }
